{
  "requires": true,
  "lockfileVersion": 1,
  "dependencies": {
    "getenv": {
      "version": "1.0.0",
      "resolved": "https://registry.npmjs.org/getenv/-/getenv-1.0.0.tgz",
      "integrity": "sha512-7yetJWqbS9sbn0vIfliPsFgoXMKn/YMF+Wuiog97x+urnSRRRZ7xB+uVkwGKzRgq9CDFfMQnE9ruL5DHv9c6Xg=="
    }
  }
}
